
Microsoft Visual Studio Solution File, Format Version 12.00
# Visual Studio Version 16
VisualStudioVersion = 16.0.31019.35
MinimumVisualStudioVersion = 10.0.40219.1
Project("{FAE04EC0-301F-11D3-BF4B-00C04F79EFBC}") = "mediaAluno", "mediaAluno\mediaAluno.csproj", "{E6F24E07-1071-4CC3-8269-640D11CF8DEE}"
EndProject
Global
	GlobalSection(SolutionConfigurationPlatforms) = preSolution
		Debug|Any CPU = Debug|Any CPU
		Release|Any CPU = Release|Any CPU
	EndGlobalSection
	GlobalSection(ProjectConfigurationPlatforms) = postSolution
		{E6F24E07-1071-4CC3-8269-640D11CF8DEE}.Debug|Any CPU.ActiveCfg = Debug|Any CPU
		{E6F24E07-1071-4CC3-8269-640D11CF8DEE}.Debug|Any CPU.Build.0 = Debug|Any CPU
		{E6F24E07-1071-4CC3-8269-640D11CF8DEE}.Release|Any CPU.ActiveCfg = Release|Any CPU
		{E6F24E07-1071-4CC3-8269-640D11CF8DEE}.Release|Any CPU.Build.0 = Release|Any CPU
	EndGlobalSection
	GlobalSection(SolutionProperties) = preSolution
		HideSolutionNode = FALSE
	EndGlobalSection
	GlobalSection(ExtensibilityGlobals) = postSolution
		SolutionGuid = {A67954AF-890A-4E98-8061-1184A4D6C558}
	EndGlobalSection
EndGlobal
