
Microsoft Visual Studio Solution File, Format Version 12.00
# Visual Studio Version 16
VisualStudioVersion = 16.0.31025.194
MinimumVisualStudioVersion = 10.0.40219.1
Project("{FAE04EC0-301F-11D3-BF4B-00C04F79EFBC}") = "inverter_lista", "inverter_lista\inverter_lista.csproj", "{07CFDBC0-F299-46CF-9211-592869273902}"
EndProject
Global
	GlobalSection(SolutionConfigurationPlatforms) = preSolution
		Debug|Any CPU = Debug|Any CPU
		Release|Any CPU = Release|Any CPU
	EndGlobalSection
	GlobalSection(ProjectConfigurationPlatforms) = postSolution
		{07CFDBC0-F299-46CF-9211-592869273902}.Debug|Any CPU.ActiveCfg = Debug|Any CPU
		{07CFDBC0-F299-46CF-9211-592869273902}.Debug|Any CPU.Build.0 = Debug|Any CPU
		{07CFDBC0-F299-46CF-9211-592869273902}.Release|Any CPU.ActiveCfg = Release|Any CPU
		{07CFDBC0-F299-46CF-9211-592869273902}.Release|Any CPU.Build.0 = Release|Any CPU
	EndGlobalSection
	GlobalSection(SolutionProperties) = preSolution
		HideSolutionNode = FALSE
	EndGlobalSection
	GlobalSection(ExtensibilityGlobals) = postSolution
		SolutionGuid = {610ED656-193D-4C54-B3C4-EE646251DFD0}
	EndGlobalSection
EndGlobal
